{
  "version": 4,
  "terraform_version": "0.13.0",
  "serial": 1,
  "lineage": "221da2e1-0e6b-f9ad-8a67-cfd28d2bcb0b",
  "outputs": {},
  "resources": [
    {
      "mode": "managed",
      "type": "aws_vpc",
      "name": "main",
      "provider": "provider[\"registry.terraform.io/hashicorp/aws\"]",
      "instances": [
        {
          "schema_version": 1,
          "attributes": {
            "arn": "arn:aws:ec2:us-east-1:358015739082:vpc/vpc-0196170594a4a4e42",
            "assign_generated_ipv6_cidr_block": false,
            "cidr_block": "10.0.0.0/16",
            "default_network_acl_id": "acl-0c678a318e355b8aa",
            "default_route_table_id": "rtb-0dc89e7741bf59b06",
            "default_security_group_id": "sg-0e5f94b2e6f3c8731",
            "dhcp_options_id": "dopt-5583262f",
            "enable_classiclink": false,
            "enable_classiclink_dns_support": false,
            "enable_dns_hostnames": false,
            "enable_dns_support": true,
            "id": "vpc-0196170594a4a4e42",
            "instance_tenancy": "default",
            "ipv6_association_id": "",
            "ipv6_cidr_block": "",
            "main_route_table_id": "rtb-0dc89e7741bf59b06",
            "owner_id": "358015739082",
            "tags": {
              "Name": "my-vpc"
            }
          },
          "private": "eyJzY2hlbWFfdmVyc2lvbiI6IjEifQ=="
        }
      ]
    }
  ]
}
